
Microsoft Visual Studio Solution File, Format Version 12.00
# Visual Studio Version 16
VisualStudioVersion = 16.0.31229.75
MinimumVisualStudioVersion = 10.0.40219.1
Project("{8BC9CEB8-8B4A-11D0-8D11-00A0C91BC942}") = "Project1", "Project1.vcxproj", "{26D1C383-970D-48CC-99E2-20A9BC868A67}"
EndProject
Global
	GlobalSection(SolutionConfigurationPlatforms) = preSolution
		Debug|x64 = Debug|x64
		Debug|x86 = Debug|x86
		Release|x64 = Release|x64
		Release|x86 = Release|x86
	EndGlobalSection
	GlobalSection(ProjectConfigurationPlatforms) = postSolution
		{26D1C383-970D-48CC-99E2-20A9BC868A67}.Debug|x64.ActiveCfg = Debug|x64
		{26D1C383-970D-48CC-99E2-20A9BC868A67}.Debug|x64.Build.0 = Debug|x64
		{26D1C383-970D-48CC-99E2-20A9BC868A67}.Debug|x86.ActiveCfg = Debug|Win32
		{26D1C383-970D-48CC-99E2-20A9BC868A67}.Debug|x86.Build.0 = Debug|Win32
		{26D1C383-970D-48CC-99E2-20A9BC868A67}.Release|x64.ActiveCfg = Release|x64
		{26D1C383-970D-48CC-99E2-20A9BC868A67}.Release|x64.Build.0 = Release|x64
		{26D1C383-970D-48CC-99E2-20A9BC868A67}.Release|x86.ActiveCfg = Release|Win32
		{26D1C383-970D-48CC-99E2-20A9BC868A67}.Release|x86.Build.0 = Release|Win32
	EndGlobalSection
	GlobalSection(SolutionProperties) = preSolution
		HideSolutionNode = FALSE
	EndGlobalSection
	GlobalSection(ExtensibilityGlobals) = postSolution
		SolutionGuid = {4AA11FEB-CCB0-48E6-88BA-16A71B9A90CA}
	EndGlobalSection
EndGlobal
