
Microsoft Visual Studio Solution File, Format Version 12.00
# Visual Studio Version 16
VisualStudioVersion = 16.0.31229.75
MinimumVisualStudioVersion = 10.0.40219.1
Project("{8BC9CEB8-8B4A-11D0-8D11-00A0C91BC942}") = "Project1", "Project1.vcxproj", "{EBFB3E32-AE3C-4D83-BE04-31A0165ABB75}"
EndProject
Global
	GlobalSection(SolutionConfigurationPlatforms) = preSolution
		Debug|x64 = Debug|x64
		Debug|x86 = Debug|x86
		Release|x64 = Release|x64
		Release|x86 = Release|x86
	EndGlobalSection
	GlobalSection(ProjectConfigurationPlatforms) = postSolution
		{EBFB3E32-AE3C-4D83-BE04-31A0165ABB75}.Debug|x64.ActiveCfg = Debug|x64
		{EBFB3E32-AE3C-4D83-BE04-31A0165ABB75}.Debug|x64.Build.0 = Debug|x64
		{EBFB3E32-AE3C-4D83-BE04-31A0165ABB75}.Debug|x86.ActiveCfg = Debug|Win32
		{EBFB3E32-AE3C-4D83-BE04-31A0165ABB75}.Debug|x86.Build.0 = Debug|Win32
		{EBFB3E32-AE3C-4D83-BE04-31A0165ABB75}.Release|x64.ActiveCfg = Release|x64
		{EBFB3E32-AE3C-4D83-BE04-31A0165ABB75}.Release|x64.Build.0 = Release|x64
		{EBFB3E32-AE3C-4D83-BE04-31A0165ABB75}.Release|x86.ActiveCfg = Release|Win32
		{EBFB3E32-AE3C-4D83-BE04-31A0165ABB75}.Release|x86.Build.0 = Release|Win32
	EndGlobalSection
	GlobalSection(SolutionProperties) = preSolution
		HideSolutionNode = FALSE
	EndGlobalSection
	GlobalSection(ExtensibilityGlobals) = postSolution
		SolutionGuid = {A56B2884-A499-4A59-8E9C-CB3E92926076}
	EndGlobalSection
EndGlobal
