
Microsoft Visual Studio Solution File, Format Version 12.00
# Visual Studio Version 16
VisualStudioVersion = 16.0.31129.286
MinimumVisualStudioVersion = 10.0.40219.1
Project("{8BC9CEB8-8B4A-11D0-8D11-00A0C91BC942}") = "Project2", "Project2.vcxproj", "{06241B75-F982-49AA-A712-CD7524A16354}"
EndProject
Global
	GlobalSection(SolutionConfigurationPlatforms) = preSolution
		Debug|x64 = Debug|x64
		Debug|x86 = Debug|x86
		Release|x64 = Release|x64
		Release|x86 = Release|x86
	EndGlobalSection
	GlobalSection(ProjectConfigurationPlatforms) = postSolution
		{06241B75-F982-49AA-A712-CD7524A16354}.Debug|x64.ActiveCfg = Debug|x64
		{06241B75-F982-49AA-A712-CD7524A16354}.Debug|x64.Build.0 = Debug|x64
		{06241B75-F982-49AA-A712-CD7524A16354}.Debug|x86.ActiveCfg = Debug|Win32
		{06241B75-F982-49AA-A712-CD7524A16354}.Debug|x86.Build.0 = Debug|Win32
		{06241B75-F982-49AA-A712-CD7524A16354}.Release|x64.ActiveCfg = Release|x64
		{06241B75-F982-49AA-A712-CD7524A16354}.Release|x64.Build.0 = Release|x64
		{06241B75-F982-49AA-A712-CD7524A16354}.Release|x86.ActiveCfg = Release|Win32
		{06241B75-F982-49AA-A712-CD7524A16354}.Release|x86.Build.0 = Release|Win32
	EndGlobalSection
	GlobalSection(SolutionProperties) = preSolution
		HideSolutionNode = FALSE
	EndGlobalSection
	GlobalSection(ExtensibilityGlobals) = postSolution
		SolutionGuid = {3D94C7FA-454B-4E4B-971D-A40E23B0055A}
	EndGlobalSection
EndGlobal
