
Microsoft Visual Studio Solution File, Format Version 12.00
# Visual Studio Version 16
VisualStudioVersion = 16.0.31229.75
MinimumVisualStudioVersion = 10.0.40219.1
Project("{8BC9CEB8-8B4A-11D0-8D11-00A0C91BC942}") = "Project1", "Project1.vcxproj", "{EA11571C-3152-4D60-8F5F-9B6F15C3E713}"
EndProject
Global
	GlobalSection(SolutionConfigurationPlatforms) = preSolution
		Debug|x64 = Debug|x64
		Debug|x86 = Debug|x86
		Release|x64 = Release|x64
		Release|x86 = Release|x86
	EndGlobalSection
	GlobalSection(ProjectConfigurationPlatforms) = postSolution
		{EA11571C-3152-4D60-8F5F-9B6F15C3E713}.Debug|x64.ActiveCfg = Debug|x64
		{EA11571C-3152-4D60-8F5F-9B6F15C3E713}.Debug|x64.Build.0 = Debug|x64
		{EA11571C-3152-4D60-8F5F-9B6F15C3E713}.Debug|x86.ActiveCfg = Debug|Win32
		{EA11571C-3152-4D60-8F5F-9B6F15C3E713}.Debug|x86.Build.0 = Debug|Win32
		{EA11571C-3152-4D60-8F5F-9B6F15C3E713}.Release|x64.ActiveCfg = Release|x64
		{EA11571C-3152-4D60-8F5F-9B6F15C3E713}.Release|x64.Build.0 = Release|x64
		{EA11571C-3152-4D60-8F5F-9B6F15C3E713}.Release|x86.ActiveCfg = Release|Win32
		{EA11571C-3152-4D60-8F5F-9B6F15C3E713}.Release|x86.Build.0 = Release|Win32
	EndGlobalSection
	GlobalSection(SolutionProperties) = preSolution
		HideSolutionNode = FALSE
	EndGlobalSection
	GlobalSection(ExtensibilityGlobals) = postSolution
		SolutionGuid = {FCCD7689-208A-477F-BB7A-3B4DD365C329}
	EndGlobalSection
EndGlobal
